// !$*UTF8*$!
{
	archiveVersion = 1;
	classes = {
	};
	objectVersion = 55;
	objects = {

/* Begin PBXBuildFile section */
		F39F6D7F277ED5D000CEA5DE /* AppDelegate.swift in Sources */ = {isa = PBXBuildFile; fileRef = F39F6D7E277ED5D000CEA5DE /* AppDelegate.swift */; };
		F39F6D81277ED5D000CEA5DE /* SceneDelegate.swift in Sources */ = {isa = PBXBuildFile; fileRef = F39F6D80277ED5D000CEA5DE /* SceneDelegate.swift */; };
		F39F6D83277ED5D000CEA5DE /* ViewController.swift in Sources */ = {isa = PBXBuildFile; fileRef = F39F6D82277ED5D000CEA5DE /* ViewController.swift */; };
		F39F6D86277ED5D000CEA5DE /* Main.storyboard in Resources */ = {isa = PBXBuildFile; fileRef = F39F6D84277ED5D000CEA5DE /* Main.storyboard */; };
		F39F6D88277ED5D300CEA5DE /* Assets.xcassets in Resources */ = {isa = PBXBuildFile; fileRef = F39F6D87277ED5D300CEA5DE /* Assets.xcassets */; };
		F39F6D8B277ED5D300CEA5DE /* LaunchScreen.storyboard in Resources */ = {isa = PBXBuildFile; fileRef = F39F6D89277ED5D300CEA5DE /* LaunchScreen.storyboard */; };
		F3C16CAE282DFF9100340B03 /* NetworkExtension.framework in Frameworks */ = {isa = PBXBuildFile; fileRef = F3C16CAD282DFF9100340B03 /* NetworkExtension.framework */; };
		F3C16CB0282E028F00340B03 /* WebKit.framework in Frameworks */ = {isa = PBXBuildFile; fileRef = F3C16CAF282E028F00340B03 /* WebKit.framework */; };
		F3E36B7F2783F23C00E18E78 /* DetailView.swift in Sources */ = {isa = PBXBuildFile; fileRef = F3E36B7E2783F23C00E18E78 /* DetailView.swift */; };
/* End PBXBuildFile section */

/* Begin PBXFileReference section */
		F39F6D7B277ED5D000CEA5DE /* EasyBrowserS.app */ = {isa = PBXFileReference; explicitFileType = wrapper.application; includeInIndex = 0; path = EasyBrowserS.app; sourceTree = BUILT_PRODUCTS_DIR; };
		F39F6D7E277ED5D000CEA5DE /* AppDelegate.swift */ = {isa = PBXFileReference; lastKnownFileType = sourcecode.swift; path = AppDelegate.swift; sourceTree = "<group>"; };
		F39F6D80277ED5D000CEA5DE /* SceneDelegate.swift */ = {isa = PBXFileReference; lastKnownFileType = sourcecode.swift; path = SceneDelegate.swift; sourceTree = "<group>"; };
		F39F6D82277ED5D000CEA5DE /* ViewController.swift */ = {isa = PBXFileReference; lastKnownFileType = sourcecode.swift; path = ViewController.swift; sourceTree = "<group>"; };
		F39F6D85277ED5D000CEA5DE /* Base */ = {isa = PBXFileReference; lastKnownFileType = file.storyboard; name = Base; path = Base.lproj/Main.storyboard; sourceTree = "<group>"; };
		F39F6D87277ED5D300CEA5DE /* Assets.xcassets */ = {isa = PBXFileReference; lastKnownFileType = folder.assetcatalog; path = Assets.xcassets; sourceTree = "<group>"; };
		F39F6D8A277ED5D300CEA5DE /* Base */ = {isa = PBXFileReference; lastKnownFileType = file.storyboard; name = Base; path = Base.lproj/LaunchScreen.storyboard; sourceTree = "<group>"; };
		F39F6D8C277ED5D300CEA5DE /* Info.plist */ = {isa = PBXFileReference; lastKnownFileType = text.plist.xml; path = Info.plist; sourceTree = "<group>"; };
		F3C16CAB282DFF9000340B03 /* EasyBrowserS.entitlements */ = {isa = PBXFileReference; lastKnownFileType = text.plist.entitlements; path = EasyBrowserS.entitlements; sourceTree = "<group>"; };
		F3C16CAD282DFF9100340B03 /* NetworkExtension.framework */ = {isa = PBXFileReference; lastKnownFileType = wrapper.framework; name = NetworkExtension.framework; path = System/Library/Frameworks/NetworkExtension.framework; sourceTree = SDKROOT; };
		F3C16CAF282E028F00340B03 /* WebKit.framework */ = {isa = PBXFileReference; lastKnownFileType = wrapper.framework; name = WebKit.framework; path = System/Library/Frameworks/WebKit.framework; sourceTree = SDKROOT; };
		F3E36B7E2783F23C00E18E78 /* DetailView.swift */ = {isa = PBXFileReference; lastKnownFileType = sourcecode.swift; path = DetailView.swift; sourceTree = "<group>"; };
/* End PBXFileReference section */

/* Begin PBXFrameworksBuildPhase section */
		F39F6D78277ED5D000CEA5DE /* Frameworks */ = {
			isa = PBXFrameworksBuildPhase;
			buildActionMask = 2147483647;
			files = (
				F3C16CB0282E028F00340B03 /* WebKit.framework in Frameworks */,
				F3C16CAE282DFF9100340B03 /* NetworkExtension.framework in Frameworks */,
			);
			runOnlyForDeploymentPostprocessing = 0;
		};
/* End PBXFrameworksBuildPhase section */

/* Begin PBXGroup section */
		F39F6D72277ED5D000CEA5DE = {
			isa = PBXGroup;
			children = (
				F39F6D7D277ED5D000CEA5DE /* EasyBrowserS */,
				F39F6D7C277ED5D000CEA5DE /* Products */,
				F3C16CAC282DFF9100340B03 /* Frameworks */,
			);
			sourceTree = "<group>";
		};
		F39F6D7C277ED5D000CEA5DE /* Products */ = {
			isa = PBXGroup;
			children = (
				F39F6D7B277ED5D000CEA5DE /* EasyBrowserS.app */,
			);
			name = Products;
			sourceTree = "<group>";
		};
		F39F6D7D277ED5D000CEA5DE /* EasyBrowserS */ = {
			isa = PBXGroup;
			children = (
				F3C16CAB282DFF9000340B03 /* EasyBrowserS.entitlements */,
				F39F6D7E277ED5D000CEA5DE /* AppDelegate.swift */,
				F39F6D80277ED5D000CEA5DE /* SceneDelegate.swift */,
				F39F6D82277ED5D000CEA5DE /* ViewController.swift */,
				F39F6D84277ED5D000CEA5DE /* Main.storyboard */,
				F39F6D87277ED5D300CEA5DE /* Assets.xcassets */,
				F39F6D89277ED5D300CEA5DE /* LaunchScreen.storyboard */,
				F39F6D8C277ED5D300CEA5DE /* Info.plist */,
				F3E36B7E2783F23C00E18E78 /* DetailView.swift */,
			);
			path = EasyBrowserS;
			sourceTree = "<group>";
		};
		F3C16CAC282DFF9100340B03 /* Frameworks */ = {
			isa = PBXGroup;
			children = (
				F3C16CAF282E028F00340B03 /* WebKit.framework */,
				F3C16CAD282DFF9100340B03 /* NetworkExtension.framework */,
			);
			name = Frameworks;
			sourceTree = "<group>";
		};
/* End PBXGroup section */

/* Begin PBXNativeTarget section */
		F39F6D7A277ED5D000CEA5DE /* EasyBrowserS */ = {
			isa = PBXNativeTarget;
			buildConfigurationList = F39F6D8F277ED5D300CEA5DE /* Build configuration list for PBXNativeTarget "EasyBrowserS" */;
			buildPhases = (
				F39F6D77277ED5D000CEA5DE /* Sources */,
				F39F6D78277ED5D000CEA5DE /* Frameworks */,
				F39F6D79277ED5D000CEA5DE /* Resources */,
			);
			buildRules = (
			);
			dependencies = (
			);
			name = EasyBrowserS;
			productName = EasyBrowserS;
			productReference = F39F6D7B277ED5D000CEA5DE /* EasyBrowserS.app */;
			productType = "com.apple.product-type.application";
		};
/* End PBXNativeTarget section */

/* Begin PBXProject section */
		F39F6D73277ED5D000CEA5DE /* Project object */ = {
			isa = PBXProject;
			attributes = {
				BuildIndependentTargetsInParallel = 1;
				LastSwiftUpdateCheck = 1300;
				LastUpgradeCheck = 1300;
				TargetAttributes = {
					F39F6D7A277ED5D000CEA5DE = {
						CreatedOnToolsVersion = 13.0;
					};
				};
			};
			buildConfigurationList = F39F6D76277ED5D000CEA5DE /* Build configuration list for PBXProject "EasyBrowserS" */;
			compatibilityVersion = "Xcode 13.0";
			developmentRegion = en;
			hasScannedForEncodings = 0;
			knownRegions = (
				en,
				Base,
			);
			mainGroup = F39F6D72277ED5D000CEA5DE;
			productRefGroup = F39F6D7C277ED5D000CEA5DE /* Products */;
			projectDirPath = "";
			projectRoot = "";
			targets = (
				F39F6D7A277ED5D000CEA5DE /* EasyBrowserS */,
			);
		};
/* End PBXProject section */

/* Begin PBXResourcesBuildPhase section */
		F39F6D79277ED5D000CEA5DE /* Resources */ = {
			isa = PBXResourcesBuildPhase;
			buildActionMask = 2147483647;
			files = (
				F39F6D8B277ED5D300CEA5DE /* LaunchScreen.storyboard in Resources */,
				F39F6D88277ED5D300CEA5DE /* Assets.xcassets in Resources */,
				F39F6D86277ED5D000CEA5DE /* Main.storyboard in Resources */,
			);
			runOnlyForDeploymentPostprocessing = 0;
		};
/* End PBXResourcesBuildPhase section */

/* Begin PBXSourcesBuildPhase section */
		F39F6D77277ED5D000CEA5DE /* Sources */ = {
			isa = PBXSourcesBuildPhase;
			buildActionMask = 2147483647;
			files = (
				F39F6D83277ED5D000CEA5DE /* ViewController.swift in Sources */,
				F3E36B7F2783F23C00E18E78 /* DetailView.swift in Sources */,
				F39F6D7F277ED5D000CEA5DE /* AppDelegate.swift in Sources */,
				F39F6D81277ED5D000CEA5DE /* SceneDelegate.swift in Sources */,
			);
			runOnlyForDeploymentPostprocessing = 0;
		};
/* End PBXSourcesBuildPhase section */

/* Begin PBXVariantGroup section */
		F39F6D84277ED5D000CEA5DE /* Main.storyboard */ = {
			isa = PBXVariantGroup;
			children = (
				F39F6D85277ED5D000CEA5DE /* Base */,
			);
			name = Main.storyboard;
			sourceTree = "<group>";
		};
		F39F6D89277ED5D300CEA5DE /* LaunchScreen.storyboard */ = {
			isa = PBXVariantGroup;
			children = (
				F39F6D8A277ED5D300CEA5DE /* Base */,
			);
			name = LaunchScreen.storyboard;
			sourceTree = "<group>";
		};
/* End PBXVariantGroup section */

/* Begin XCBuildConfiguration section */
		F39F6D8D277ED5D300CEA5DE /* Debug */ = {
			isa = XCBuildConfiguration;
			buildSettings = {
				ALWAYS_SEARCH_USER_PATHS = NO;
				CLANG_ANALYZER_NONNULL = YES;
				CLANG_ANALYZER_NUMBER_OBJECT_CONVERSION = YES_AGGRESSIVE;
				CLANG_CXX_LANGUAGE_STANDARD = "gnu++17";
				CLANG_CXX_LIBRARY = "libc++";
				CLANG_ENABLE_MODULES = YES;
				CLANG_ENABLE_OBJC_ARC = YES;
				CLANG_ENABLE_OBJC_WEAK = YES;
				CLANG_WARN_BLOCK_CAPTURE_AUTORELEASING = YES;
				CLANG_WARN_BOOL_CONVERSION = YES;
				CLANG_WARN_COMMA = YES;
				CLANG_WARN_CONSTANT_CONVERSION = YES;
				CLANG_WARN_DEPRECATED_OBJC_IMPLEMENTATIONS = YES;
				CLANG_WARN_DIRECT_OBJC_ISA_USAGE = YES_ERROR;
				CLANG_WARN_DOCUMENTATION_COMMENTS = YES;
				CLANG_WARN_EMPTY_BODY = YES;
				CLANG_WARN_ENUM_CONVERSION = YES;
				CLANG_WARN_INFINITE_RECURSION = YES;
				CLANG_WARN_INT_CONVERSION = YES;
				CLANG_WARN_NON_LITERAL_NULL_CONVERSION = YES;
				CLANG_WARN_OBJC_IMPLICIT_RETAIN_SELF = YES;
				CLANG_WARN_OBJC_LITERAL_CONVERSION = YES;
				CLANG_WARN_OBJC_ROOT_CLASS = YES_ERROR;
				CLANG_WARN_QUOTED_INCLUDE_IN_FRAMEWORK_HEADER = YES;
				CLANG_WARN_RANGE_LOOP_ANALYSIS = YES;
				CLANG_WARN_STRICT_PROTOTYPES = YES;
				CLANG_WARN_SUSPICIOUS_MOVE = YES;
				CLANG_WARN_UNGUARDED_AVAILABILITY = YES_AGGRESSIVE;
				CLANG_WARN_UNREACHABLE_CODE = YES;
				CLANG_WARN__DUPLICATE_METHOD_MATCH = YES;
				COPY_PHASE_STRIP = NO;
				DEBUG_INFORMATION_FORMAT = dwarf;
				ENABLE_STRICT_OBJC_MSGSEND = YES;
				ENABLE_TESTABILITY = YES;
				GCC_C_LANGUAGE_STANDARD = gnu11;
				GCC_DYNAMIC_NO_PIC = NO;
				GCC_NO_COMMON_BLOCKS = YES;
				GCC_OPTIMIZATION_LEVEL = 0;
				GCC_PREPROCESSOR_DEFINITIONS = (
					"DEBUG=1",
					"$(inherited)",
				);
				GCC_WARN_64_TO_32_BIT_CONVERSION = YES;
				GCC_WARN_ABOUT_RETURN_TYPE = YES_ERROR;
				GCC_WARN_UNDECLARED_SELECTOR = YES;
				GCC_WARN_UNINITIALIZED_AUTOS = YES_AGGRESSIVE;
				GCC_WARN_UNUSED_FUNCTION = YES;
				GCC_WARN_UNUSED_VARIABLE = YES;
				IPHONEOS_DEPLOYMENT_TARGET = 15.0;
				MTL_ENABLE_DEBUG_INFO = INCLUDE_SOURCE;
				MTL_FAST_MATH = YES;
				ONLY_ACTIVE_ARCH = YES;
				SDKROOT = iphoneos;
				SWIFT_ACTIVE_COMPILATION_CONDITIONS = DEBUG;
				SWIFT_OPTIMIZATION_LEVEL = "-Onone";
			};
			name = Debug;
		};
		F39F6D8E277ED5D300CEA5DE /* Release */ = {
			isa = XCBuildConfiguration;
			buildSettings = {
				ALWAYS_SEARCH_USER_PATHS = NO;
				CLANG_ANALYZER_NONNULL = YES;
				CLANG_ANALYZER_NUMBER_OBJECT_CONVERSION = YES_AGGRESSIVE;
				CLANG_CXX_LANGUAGE_STANDARD = "gnu++17";
				CLANG_CXX_LIBRARY = "libc++";
				CLANG_ENABLE_MODULES = YES;
				CLANG_ENABLE_OBJC_ARC = YES;
				CLANG_ENABLE_OBJC_WEAK = YES;
				CLANG_WARN_BLOCK_CAPTURE_AUTORELEASING = YES;
				CLANG_WARN_BOOL_CONVERSION = YES;
				CLANG_WARN_COMMA = YES;
				CLANG_WARN_CONSTANT_CONVERSION = YES;
				CLANG_WARN_DEPRECATED_OBJC_IMPLEMENTATIONS = YES;
				CLANG_WARN_DIRECT_OBJC_ISA_USAGE = YES_ERROR;
				CLANG_WARN_DOCUMENTATION_COMMENTS = YES;
				CLANG_WARN_EMPTY_BODY = YES;
				CLANG_WARN_ENUM_CONVERSION = YES;
				CLANG_WARN_INFINITE_RECURSION = YES;
				CLANG_WARN_INT_CONVERSION = YES;
				CLANG_WARN_NON_LITERAL_NULL_CONVERSION = YES;
				CLANG_WARN_OBJC_IMPLICIT_RETAIN_SELF = YES;
				CLANG_WARN_OBJC_LITERAL_CONVERSION = YES;
				CLANG_WARN_OBJC_ROOT_CLASS = YES_ERROR;
				CLANG_WARN_QUOTED_INCLUDE_IN_FRAMEWORK_HEADER = YES;
				CLANG_WARN_RANGE_LOOP_ANALYSIS = YES;
				CLANG_WARN_STRICT_PROTOTYPES = YES;
				CLANG_WARN_SUSPICIOUS_MOVE = YES;
				CLANG_WARN_UNGUARDED_AVAILABILITY = YES_AGGRESSIVE;
				CLANG_WARN_UNREACHABLE_CODE = YES;
				CLANG_WARN__DUPLICATE_METHOD_MATCH = YES;
				COPY_PHASE_STRIP = NO;
				DEBUG_INFORMATION_FORMAT = "dwarf-with-dsym";
				ENABLE_NS_ASSERTIONS = NO;
				ENABLE_STRICT_OBJC_MSGSEND = YES;
				GCC_C_LANGUAGE_STANDARD = gnu11;
				GCC_NO_COMMON_BLOCKS = YES;
				GCC_WARN_64_TO_32_BIT_CONVERSION = YES;
				GCC_WARN_ABOUT_RETURN_TYPE = YES_ERROR;
				GCC_WARN_UNDECLARED_SELECTOR = YES;
				GCC_WARN_UNINITIALIZED_AUTOS = YES_AGGRESSIVE;
				GCC_WARN_UNUSED_FUNCTION = YES;
				GCC_WARN_UNUSED_VARIABLE = YES;
				IPHONEOS_DEPLOYMENT_TARGET = 15.0;
				MTL_ENABLE_DEBUG_INFO = NO;
				MTL_FAST_MATH = YES;
				SDKROOT = iphoneos;
				SWIFT_COMPILATION_MODE = wholemodule;
				SWIFT_OPTIMIZATION_LEVEL = "-O";
				VALIDATE_PRODUCT = YES;
			};
			name = Release;
		};
		F39F6D90277ED5D300CEA5DE /* Debug */ = {
			isa = XCBuildConfiguration;
			buildSettings = {
				ASSETCATALOG_COMPILER_APPICON_NAME = AppIcon;
				ASSETCATALOG_COMPILER_GLOBAL_ACCENT_COLOR_NAME = AccentColor;
				CODE_SIGN_ENTITLEMENTS = EasyBrowserS/EasyBrowserS.entitlements;
				CODE_SIGN_STYLE = Automatic;
				CURRENT_PROJECT_VERSION = 1;
				GENERATE_INFOPLIST_FILE = YES;
				INFOPLIST_FILE = EasyBrowserS/Info.plist;
				INFOPLIST_KEY_UIApplicationSupportsIndirectInputEvents = YES;
				INFOPLIST_KEY_UILaunchStoryboardName = LaunchScreen;
				INFOPLIST_KEY_UIMainStoryboardFile = Main;
				INFOPLIST_KEY_UISupportedInterfaceOrientations_iPad = "UIInterfaceOrientationPortrait UIInterfaceOrientationPortraitUpsideDown UIInterfaceOrientationLandscapeLeft UIInterfaceOrientationLandscapeRight";
				INFOPLIST_KEY_UISupportedInterfaceOrientations_iPhone = "UIInterfaceOrientationPortrait UIInterfaceOrientationLandscapeLeft UIInterfaceOrientationLandscapeRight";
				LD_RUNPATH_SEARCH_PATHS = (
					"$(inherited)",
					"@executable_path/Frameworks",
				);
				MARKETING_VERSION = 1.0;
				PRODUCT_BUNDLE_IDENTIFIER = cia.org.EasyBrowserS;
				PRODUCT_NAME = "$(TARGET_NAME)";
				SWIFT_EMIT_LOC_STRINGS = YES;
				SWIFT_VERSION = 5.0;
				TARGETED_DEVICE_FAMILY = "1,2";
			};
			name = Debug;
		};
		F39F6D91277ED5D300CEA5DE /* Release */ = {
			isa = XCBuildConfiguration;
			buildSettings = {
				ASSETCATALOG_COMPILER_APPICON_NAME = AppIcon;
				ASSETCATALOG_COMPILER_GLOBAL_ACCENT_COLOR_NAME = AccentColor;
				CODE_SIGN_ENTITLEMENTS = EasyBrowserS/EasyBrowserS.entitlements;
				CODE_SIGN_STYLE = Automatic;
				CURRENT_PROJECT_VERSION = 1;
				GENERATE_INFOPLIST_FILE = YES;
				INFOPLIST_FILE = EasyBrowserS/Info.plist;
				INFOPLIST_KEY_UIApplicationSupportsIndirectInputEvents = YES;
				INFOPLIST_KEY_UILaunchStoryboardName = LaunchScreen;
				INFOPLIST_KEY_UIMainStoryboardFile = Main;
				INFOPLIST_KEY_UISupportedInterfaceOrientations_iPad = "UIInterfaceOrientationPortrait UIInterfaceOrientationPortraitUpsideDown UIInterfaceOrientationLandscapeLeft UIInterfaceOrientationLandscapeRight";
				INFOPLIST_KEY_UISupportedInterfaceOrientations_iPhone = "UIInterfaceOrientationPortrait UIInterfaceOrientationLandscapeLeft UIInterfaceOrientationLandscapeRight";
				LD_RUNPATH_SEARCH_PATHS = (
					"$(inherited)",
					"@executable_path/Frameworks",
				);
				MARKETING_VERSION = 1.0;
				PRODUCT_BUNDLE_IDENTIFIER = cia.org.EasyBrowserS;
				PRODUCT_NAME = "$(TARGET_NAME)";
				SWIFT_EMIT_LOC_STRINGS = YES;
				SWIFT_VERSION = 5.0;
				TARGETED_DEVICE_FAMILY = "1,2";
			};
			name = Release;
		};
/* End XCBuildConfiguration section */

/* Begin XCConfigurationList section */
		F39F6D76277ED5D000CEA5DE /* Build configuration list for PBXProject "EasyBrowserS" */ = {
			isa = XCConfigurationList;
			buildConfigurations = (
				F39F6D8D277ED5D300CEA5DE /* Debug */,
				F39F6D8E277ED5D300CEA5DE /* Release */,
			);
			defaultConfigurationIsVisible = 0;
			defaultConfigurationName = Release;
		};
		F39F6D8F277ED5D300CEA5DE /* Build configuration list for PBXNativeTarget "EasyBrowserS" */ = {
			isa = XCConfigurationList;
			buildConfigurations = (
				F39F6D90277ED5D300CEA5DE /* Debug */,
				F39F6D91277ED5D300CEA5DE /* Release */,
			);
			defaultConfigurationIsVisible = 0;
			defaultConfigurationName = Release;
		};
/* End XCConfigurationList section */
	};
	rootObject = F39F6D73277ED5D000CEA5DE /* Project object */;
}
